<?xml version="1.0" encoding="utf-8"?>
<Project ToolsVersion="4.0" xmlns="http://schemas.microsoft.com/developer/msbuild/2003">
  <ItemGroup>
    <Filter Include="Source Files">
      <UniqueIdentifier>{4FC737F1-C7A5-4376-A066-2A32D752A2FF}</UniqueIdentifier>
      <Extensions>cpp;c;cc;cxx;c++;cppm;ixx;def;odl;idl;hpj;bat;asm;asmx</Extensions>
    </Filter>
    <Filter Include="Header Files">
      <UniqueIdentifier>{93995380-89BD-4b04-88EB-625FBE52EBFB}</UniqueIdentifier>
      <Extensions>h;hh;hpp;hxx;h++;hm;inl;inc;ipp;xsd</Extensions>
    </Filter>
    <Filter Include="Resource Files">
      <UniqueIdentifier>{67DA6AB6-F800-4c08-8B7A-83BB121AAD01}</UniqueIdentifier>
      <Extensions>rc;ico;cur;bmp;dlg;rc2;rct;bin;rgs;gif;jpg;jpeg;jpe;resx;tiff;tif;png;wav;mfcribbon-ms</Extensions>
    </Filter>
    <Filter Include="Header Files\dto">
      <UniqueIdentifier>{4f4c658a-5b64-40ca-abcb-af6e2312d1a8}</UniqueIdentifier>
    </Filter>
    <Filter Include="Header Files\controller">
      <UniqueIdentifier>{2dc944d8-cac1-4de4-9e65-a3d54adbff4c}</UniqueIdentifier>
    </Filter>
    <Filter Include="Header Files\service">
      <UniqueIdentifier>{aaee97af-68db-4df1-b124-318f2930245a}</UniqueIdentifier>
    </Filter>
    <Filter Include="Source Files\service">
      <UniqueIdentifier>{8cbc35d5-2b3a-42cf-a3f3-6564608c3b45}</UniqueIdentifier>
    </Filter>
    <Filter Include="Header Files\client">
      <UniqueIdentifier>{643e2fcd-9fa6-47bb-919e-b8220bd56960}</UniqueIdentifier>
    </Filter>
    <Filter Include="Source Files\dto">
      <UniqueIdentifier>{a5c52a2c-af42-4021-909e-f2903a9350d0}</UniqueIdentifier>
    </Filter>
    <Filter Include="Header Files\coroutine">
      <UniqueIdentifier>{733b3e30-3e5c-4a92-9769-56727e5e9b9e}</UniqueIdentifier>
    </Filter>
    <Filter Include="Source Files\coroutine">
      <UniqueIdentifier>{4d170199-9cd3-4e5c-8fa6-e93128bd4851}</UniqueIdentifier>
    </Filter>
    <Filter Include="Header Files\dto\client">
      <UniqueIdentifier>{97b22d40-4fe4-493f-9da7-939246c1db2a}</UniqueIdentifier>
    </Filter>
    <Filter Include="Header Files\dto\exchange">
      <UniqueIdentifier>{b000319a-ac7d-4173-aad7-e2bad3af9c5d}</UniqueIdentifier>
    </Filter>
    <Filter Include="Header Files\dto\tracking">
      <UniqueIdentifier>{175faf50-ce6a-41a2-9442-d5d455cd014e}</UniqueIdentifier>
    </Filter>
    <Filter Include="Source Files\dto\client">
      <UniqueIdentifier>{c430f8d9-060d-41d9-b3b4-31359f9a1e9f}</UniqueIdentifier>
    </Filter>
    <Filter Include="Source Files\dto\exchange">
      <UniqueIdentifier>{e762c7ab-1692-4618-a7eb-856dd74baf11}</UniqueIdentifier>
    </Filter>
    <Filter Include="Source Files\dto\tracking">
      <UniqueIdentifier>{ceb8cdcd-b496-47d0-bc6b-3dd2e364da91}</UniqueIdentifier>
    </Filter>
  </ItemGroup>
  <ItemGroup>
    <ClCompile Include="App.cpp">
      <Filter>Source Files</Filter>
    </ClCompile>
    <ClCompile Include="src\service\ActiveOrderService.cpp">
      <Filter>Source Files\service</Filter>
    </ClCompile>
    <ClCompile Include="src\AppComponent.cpp">
      <Filter>Source Files</Filter>
    </ClCompile>
    <ClCompile Include="src\service\TrackOrderService.cpp">
      <Filter>Source Files\service</Filter>
    </ClCompile>
    <ClCompile Include="src\coroutine\AddOrderCoroutine.cpp">
      <Filter>Source Files\coroutine</Filter>
    </ClCompile>
    <ClCompile Include="src\coroutine\UpdateOrderCoroutine.cpp">
      <Filter>Source Files\coroutine</Filter>
    </ClCompile>
    <ClCompile Include="src\dto\ClientOrderDto.cpp">
      <Filter>Source Files\dto\client</Filter>
    </ClCompile>
    <ClCompile Include="src\dto\ExchangeOrderDto.cpp">
      <Filter>Source Files\dto\exchange</Filter>
    </ClCompile>
    <ClCompile Include="src\dto\ExecutedOrderDto.cpp">
      <Filter>Source Files\dto\exchange</Filter>
    </ClCompile>
    <ClCompile Include="src\dto\ActiveSignalDto.cpp">
      <Filter>Source Files\dto\tracking</Filter>
    </ClCompile>
    <ClCompile Include="src\dto\TrackingOrderDto.cpp">
      <Filter>Source Files\dto\tracking</Filter>
    </ClCompile>
    <ClCompile Include="src\dto\BasicOrderDto.cpp">
      <Filter>Source Files\dto</Filter>
    </ClCompile>
    <ClCompile Include="src\coroutine\UpdateSignalCoroutine.cpp">
      <Filter>Source Files\coroutine</Filter>
    </ClCompile>
  </ItemGroup>
  <ItemGroup>
    <ClInclude Include="src\AppComponent.h">
      <Filter>Header Files</Filter>
    </ClInclude>
    <ClInclude Include="src\controller\ClientController.h">
      <Filter>Header Files\controller</Filter>
    </ClInclude>
    <ClInclude Include="src\service\ActiveOrderService.h">
      <Filter>Header Files\service</Filter>
    </ClInclude>
    <ClInclude Include="src\service\TrackOrderService.h">
      <Filter>Header Files\service</Filter>
    </ClInclude>
    <ClInclude Include="src\client\ExchangeApiClient.h">
      <Filter>Header Files\client</Filter>
    </ClInclude>
    <ClInclude Include="src\dto\BasicOrderDto.h">
      <Filter>Header Files\dto</Filter>
    </ClInclude>
    <ClInclude Include="src\coroutine\AddOrderCoroutine.h">
      <Filter>Header Files\coroutine</Filter>
    </ClInclude>
    <ClInclude Include="src\coroutine\UpdateOrderCoroutine.h">
      <Filter>Header Files\coroutine</Filter>
    </ClInclude>
    <ClInclude Include="src\dto\ClientOrderDto.h">
      <Filter>Header Files\dto\client</Filter>
    </ClInclude>
    <ClInclude Include="src\dto\ExchangeOrderDto.h">
      <Filter>Header Files\dto\exchange</Filter>
    </ClInclude>
    <ClInclude Include="src\dto\ExchangeExecutionDto.h">
      <Filter>Header Files\dto\exchange</Filter>
    </ClInclude>
    <ClInclude Include="src\dto\ActiveSignalDto.h">
      <Filter>Header Files\dto\tracking</Filter>
    </ClInclude>
    <ClInclude Include="src\dto\TrackingOrderDto.h">
      <Filter>Header Files\dto\tracking</Filter>
    </ClInclude>
    <ClInclude Include="src\dto\ExecutedOrderDto.h">
      <Filter>Header Files\dto\exchange</Filter>
    </ClInclude>
    <ClInclude Include="src\coroutine\UpdateSignalCoroutine.h">
      <Filter>Header Files\coroutine</Filter>
    </ClInclude>
  </ItemGroup>
</Project>