<?xml version="1.0" encoding="utf-8"?>
<Project ToolsVersion="4.0" xmlns="http://schemas.microsoft.com/developer/msbuild/2003">
  <ItemGroup>
    <Filter Include="Source Files">
      <UniqueIdentifier>{4FC737F1-C7A5-4376-A066-2A32D752A2FF}</UniqueIdentifier>
      <Extensions>cpp;c;cc;cxx;c++;cppm;ixx;def;odl;idl;hpj;bat;asm;asmx</Extensions>
    </Filter>
    <Filter Include="Header Files">
      <UniqueIdentifier>{93995380-89BD-4b04-88EB-625FBE52EBFB}</UniqueIdentifier>
      <Extensions>h;hh;hpp;hxx;h++;hm;inl;inc;ipp;xsd</Extensions>
    </Filter>
    <Filter Include="Resource Files">
      <UniqueIdentifier>{67DA6AB6-F800-4c08-8B7A-83BB121AAD01}</UniqueIdentifier>
      <Extensions>rc;ico;cur;bmp;dlg;rc2;rct;bin;rgs;gif;jpg;jpeg;jpe;resx;tiff;tif;png;wav;mfcribbon-ms</Extensions>
    </Filter>
    <Filter Include="Header Files\dto">
      <UniqueIdentifier>{4f4c658a-5b64-40ca-abcb-af6e2312d1a8}</UniqueIdentifier>
    </Filter>
    <Filter Include="Header Files\controller">
      <UniqueIdentifier>{2dc944d8-cac1-4de4-9e65-a3d54adbff4c}</UniqueIdentifier>
    </Filter>
    <Filter Include="Header Files\service">
      <UniqueIdentifier>{aaee97af-68db-4df1-b124-318f2930245a}</UniqueIdentifier>
    </Filter>
    <Filter Include="Source Files\service">
      <UniqueIdentifier>{8cbc35d5-2b3a-42cf-a3f3-6564608c3b45}</UniqueIdentifier>
    </Filter>
    <Filter Include="Header Files\structure">
      <UniqueIdentifier>{aa315d78-38fe-4fbe-a443-2e25bf230714}</UniqueIdentifier>
    </Filter>
    <Filter Include="Header Files\client">
      <UniqueIdentifier>{643e2fcd-9fa6-47bb-919e-b8220bd56960}</UniqueIdentifier>
    </Filter>
  </ItemGroup>
  <ItemGroup>
    <ClCompile Include="App.cpp">
      <Filter>Source Files</Filter>
    </ClCompile>
    <ClCompile Include="src\service\OrderExecuteService.cpp">
      <Filter>Source Files\service</Filter>
    </ClCompile>
    <ClCompile Include="AppComponent.cpp">
      <Filter>Source Files</Filter>
    </ClCompile>
  </ItemGroup>
  <ItemGroup>
    <ClInclude Include="src\AppComponent.h">
      <Filter>Header Files</Filter>
    </ClInclude>
    <ClInclude Include="src\dto\ClientOrderDto.h">
      <Filter>Header Files\dto</Filter>
    </ClInclude>
    <ClInclude Include="src\controller\ClientController.h">
      <Filter>Header Files\controller</Filter>
    </ClInclude>
    <ClInclude Include="src\service\OrderExecuteService.h">
      <Filter>Header Files\service</Filter>
    </ClInclude>
    <ClInclude Include="src\structure\Executions.h">
      <Filter>Header Files\structure</Filter>
    </ClInclude>
    <ClInclude Include="src\service\OrderTrackService.h">
      <Filter>Header Files\service</Filter>
    </ClInclude>
    <ClInclude Include="src\dto\ExchangeOrderDto.h">
      <Filter>Header Files\dto</Filter>
    </ClInclude>
    <ClInclude Include="src\client\ExchangeApiClient.h">
      <Filter>Header Files\client</Filter>
    </ClInclude>
  </ItemGroup>
</Project>